{
  "name": "jamesgreen.dev",
  "lockfileVersion": 2,
  "requires": true,
  "packages": {
    "": {
      "dependencies": {
        "open-props": "^1.5.3"
      }
    },
    "node_modules/open-props": {
      "version": "1.5.3",
      "resolved": "https://registry.npmjs.org/open-props/-/open-props-1.5.3.tgz",
      "integrity": "sha512-NzORO2a4Rf/MEo1DBTKxEzJ6ZNx9JswnvwjSKK9QOntg28AoxXt2LdpwfJ1dEQE4mkTdyaWkzwbtPg1yKpKFgw=="
    }
  },
  "dependencies": {
    "open-props": {
      "version": "1.5.3",
      "resolved": "https://registry.npmjs.org/open-props/-/open-props-1.5.3.tgz",
      "integrity": "sha512-NzORO2a4Rf/MEo1DBTKxEzJ6ZNx9JswnvwjSKK9QOntg28AoxXt2LdpwfJ1dEQE4mkTdyaWkzwbtPg1yKpKFgw=="
    }
  }
}
